
Microsoft Visual Studio Solution File, Format Version 12.00
Project("{FAE04EC0-301F-11D3-BF4B-00C04F79EFBC}") = "Proxy", "Proxy\Proxy.csproj", "{EB61168B-F1AC-497E-941A-7E08264D5D8A}"
EndProject
Global
	GlobalSection(SolutionConfigurationPlatforms) = preSolution
		Debug|Any CPU = Debug|Any CPU
		Release|Any CPU = Release|Any CPU
	EndGlobalSection
	GlobalSection(ProjectConfigurationPlatforms) = postSolution
		{EB61168B-F1AC-497E-941A-7E08264D5D8A}.Debug|Any CPU.ActiveCfg = Debug|Any CPU
		{EB61168B-F1AC-497E-941A-7E08264D5D8A}.Debug|Any CPU.Build.0 = Debug|Any CPU
		{EB61168B-F1AC-497E-941A-7E08264D5D8A}.Release|Any CPU.ActiveCfg = Release|Any CPU
		{EB61168B-F1AC-497E-941A-7E08264D5D8A}.Release|Any CPU.Build.0 = Release|Any CPU
	EndGlobalSection
EndGlobal
